
Microsoft Visual Studio Solution File, Format Version 12.00
# Visual Studio Version 17
VisualStudioVersion = 17.0.31903.59
MinimumVisualStudioVersion = 10.0.40219.1
Project("{2150E333-8FDC-42A3-9474-1A3956D46DE8}") = "src", "src", "{EC1FEB6D-79A2-47D0-9EB4-DCF4EDC410C5}"
EndProject
Project("{FAE04EC0-301F-11D3-BF4B-00C04F79EFBC}") = "AuctionService", "src\AuctionService\AuctionService.csproj", "{FC1C970F-C8F9-4E30-9E59-330179AE7029}"
EndProject
Project("{FAE04EC0-301F-11D3-BF4B-00C04F79EFBC}") = "SearchService", "src\SearchService\SearchService.csproj", "{822F0646-A897-42CD-A971-B92EA9654E1E}"
EndProject
Project("{FAE04EC0-301F-11D3-BF4B-00C04F79EFBC}") = "Contracts", "src\Contracts\Contracts.csproj", "{03F8B760-D7B5-4454-B943-D0D72DDF0229}"
EndProject
Global
	GlobalSection(SolutionConfigurationPlatforms) = preSolution
		Debug|Any CPU = Debug|Any CPU
		Release|Any CPU = Release|Any CPU
	EndGlobalSection
	GlobalSection(SolutionProperties) = preSolution
		HideSolutionNode = FALSE
	EndGlobalSection
	GlobalSection(ProjectConfigurationPlatforms) = postSolution
		{FC1C970F-C8F9-4E30-9E59-330179AE7029}.Debug|Any CPU.ActiveCfg = Debug|Any CPU
		{FC1C970F-C8F9-4E30-9E59-330179AE7029}.Debug|Any CPU.Build.0 = Debug|Any CPU
		{FC1C970F-C8F9-4E30-9E59-330179AE7029}.Release|Any CPU.ActiveCfg = Release|Any CPU
		{FC1C970F-C8F9-4E30-9E59-330179AE7029}.Release|Any CPU.Build.0 = Release|Any CPU
		{822F0646-A897-42CD-A971-B92EA9654E1E}.Debug|Any CPU.ActiveCfg = Debug|Any CPU
		{822F0646-A897-42CD-A971-B92EA9654E1E}.Debug|Any CPU.Build.0 = Debug|Any CPU
		{822F0646-A897-42CD-A971-B92EA9654E1E}.Release|Any CPU.ActiveCfg = Release|Any CPU
		{822F0646-A897-42CD-A971-B92EA9654E1E}.Release|Any CPU.Build.0 = Release|Any CPU
		{03F8B760-D7B5-4454-B943-D0D72DDF0229}.Debug|Any CPU.ActiveCfg = Debug|Any CPU
		{03F8B760-D7B5-4454-B943-D0D72DDF0229}.Debug|Any CPU.Build.0 = Debug|Any CPU
		{03F8B760-D7B5-4454-B943-D0D72DDF0229}.Release|Any CPU.ActiveCfg = Release|Any CPU
		{03F8B760-D7B5-4454-B943-D0D72DDF0229}.Release|Any CPU.Build.0 = Release|Any CPU
	EndGlobalSection
	GlobalSection(NestedProjects) = preSolution
		{FC1C970F-C8F9-4E30-9E59-330179AE7029} = {EC1FEB6D-79A2-47D0-9EB4-DCF4EDC410C5}
		{822F0646-A897-42CD-A971-B92EA9654E1E} = {EC1FEB6D-79A2-47D0-9EB4-DCF4EDC410C5}
		{03F8B760-D7B5-4454-B943-D0D72DDF0229} = {EC1FEB6D-79A2-47D0-9EB4-DCF4EDC410C5}
	EndGlobalSection
EndGlobal
